
Microsoft Visual Studio Solution File, Format Version 12.00
# Visual Studio Version 16
VisualStudioVersion = 16.0.810.25
MinimumVisualStudioVersion = 10.0.40219.1
Project("{FAE04EC0-301F-11D3-BF4B-00C04F79EFBC}") = "CSSeedSearchGUI", "CSSeedSearchGUI\CSSeedSearchGUI.csproj", "{A73F8C8B-65FA-4DD7-A7E5-3B75403B13FE}"
EndProject
Global
	GlobalSection(SolutionConfigurationPlatforms) = preSolution
		Debug|Any CPU = Debug|Any CPU
		Release|Any CPU = Release|Any CPU
	EndGlobalSection
	GlobalSection(ProjectConfigurationPlatforms) = postSolution
		{A73F8C8B-65FA-4DD7-A7E5-3B75403B13FE}.Debug|Any CPU.ActiveCfg = Debug|Any CPU
		{A73F8C8B-65FA-4DD7-A7E5-3B75403B13FE}.Debug|Any CPU.Build.0 = Debug|Any CPU
		{A73F8C8B-65FA-4DD7-A7E5-3B75403B13FE}.Release|Any CPU.ActiveCfg = Release|Any CPU
		{A73F8C8B-65FA-4DD7-A7E5-3B75403B13FE}.Release|Any CPU.Build.0 = Release|Any CPU
	EndGlobalSection
	GlobalSection(SolutionProperties) = preSolution
		HideSolutionNode = FALSE
	EndGlobalSection
	GlobalSection(ExtensibilityGlobals) = postSolution
		SolutionGuid = {3653A6C5-D2E5-45F2-8C55-2F81AC22A909}
	EndGlobalSection
EndGlobal
